
Microsoft Visual Studio Solution File, Format Version 12.00
# Visual Studio Version 17
VisualStudioVersion = 17.2.32526.322
MinimumVisualStudioVersion = 10.0.40219.1
Project("{FAE04EC0-301F-11D3-BF4B-00C04F79EFBC}") = "BowlingScoreKeeper", "BowlingScoreKeeper\BowlingScoreKeeper.csproj", "{B30F0F87-875C-4A10-92E1-76E5C117D758}"
EndProject
Project("{FAE04EC0-301F-11D3-BF4B-00C04F79EFBC}") = "BowlingScoreKeeper.Tests", "BowlingScoreKeeper.Tests\BowlingScoreKeeper.Tests.csproj", "{A26A4D13-D461-4F9A-83B5-D7EEDBBBBC94}"
EndProject
Global
	GlobalSection(SolutionConfigurationPlatforms) = preSolution
		Debug|Any CPU = Debug|Any CPU
		Release|Any CPU = Release|Any CPU
	EndGlobalSection
	GlobalSection(ProjectConfigurationPlatforms) = postSolution
		{B30F0F87-875C-4A10-92E1-76E5C117D758}.Debug|Any CPU.ActiveCfg = Debug|Any CPU
		{B30F0F87-875C-4A10-92E1-76E5C117D758}.Debug|Any CPU.Build.0 = Debug|Any CPU
		{B30F0F87-875C-4A10-92E1-76E5C117D758}.Release|Any CPU.ActiveCfg = Release|Any CPU
		{B30F0F87-875C-4A10-92E1-76E5C117D758}.Release|Any CPU.Build.0 = Release|Any CPU
		{A26A4D13-D461-4F9A-83B5-D7EEDBBBBC94}.Debug|Any CPU.ActiveCfg = Debug|Any CPU
		{A26A4D13-D461-4F9A-83B5-D7EEDBBBBC94}.Debug|Any CPU.Build.0 = Debug|Any CPU
		{A26A4D13-D461-4F9A-83B5-D7EEDBBBBC94}.Release|Any CPU.ActiveCfg = Release|Any CPU
		{A26A4D13-D461-4F9A-83B5-D7EEDBBBBC94}.Release|Any CPU.Build.0 = Release|Any CPU
	EndGlobalSection
	GlobalSection(SolutionProperties) = preSolution
		HideSolutionNode = FALSE
	EndGlobalSection
	GlobalSection(ExtensibilityGlobals) = postSolution
		SolutionGuid = {DA7C5B7D-8D63-4A2A-9721-DAC6F2CEC929}
	EndGlobalSection
EndGlobal
